Microsoft Visual Studio Solution File, Format Version 12.00
# Visual Studio Version 17
VisualStudioVersion = 17.8.33424.233
MinimumVisualStudioVersion = 10.0.40219.1
Project("{FAE04EC0-301F-11D3-BF4B-00C04F79EFBC}") = "StudentManagementEF", "StudentManagementEF.csproj", "{7746AE81-59BE-4CDB-829E-3A58F56B2477}"
EndProject
Global
	GlobalSection(SolutionConfigurationPlatforms) = preSolution
		Debug|Any CPU = Debug|Any CPU
		Release|Any CPU = Release|Any CPU
	EndGlobalSection
	GlobalSection(ProjectConfigurationPlatforms) = postSolution
		{7746AE81-59BE-4CDB-829E-3A58F56B2477}.Debug|Any CPU.ActiveCfg = Debug|Any CPU
		{7746AE81-59BE-4CDB-829E-3A58F56B2477}.Debug|Any CPU.Build.0 = Debug|Any CPU
		{7746AE81-59BE-4CDB-829E-3A58F56B2477}.Release|Any CPU.ActiveCfg = Release|Any CPU
		{7746AE81-59BE-4CDB-829E-3A58F56B2477}.Release|Any CPU.Build.0 = Release|Any CPU
	EndGlobalSection
	GlobalSection(SolutionProperties) = preSolution
		HideSolutionNode = FALSE
	EndGlobalSection
	GlobalSection(ExtensibilityGlobals) = postSolution
		SolutionGuid = {351BD157-62F9-48F0-A484-D2FFEF06958F}
	EndGlobalSection
EndGlobal
